
Microsoft Visual Studio Solution File, Format Version 12.00
# Visual Studio Version 16
VisualStudioVersion = 16.0.29519.87
MinimumVisualStudioVersion = 10.0.40219.1
Project("{2150E333-8FDC-42A3-9474-1A3956D46DE8}") = "01. Presentacion", "01. Presentacion", "{70780612-0C85-4267-A111-87D5F201372E}"
EndProject
Project("{2150E333-8FDC-42A3-9474-1A3956D46DE8}") = "02. Servicios", "02. Servicios", "{50F723F1-D476-4763-AA25-203F260A045B}"
EndProject
Project("{2150E333-8FDC-42A3-9474-1A3956D46DE8}") = "03. Transversal", "03. Transversal", "{E377F685-6E93-43DF-BFF6-60C2A7D155D9}"
EndProject
Project("{2150E333-8FDC-42A3-9474-1A3956D46DE8}") = "04. MapDB", "04. MapDB", "{984D04FF-A1B5-40C6-A344-1D82A0410198}"
EndProject
Project("{2150E333-8FDC-42A3-9474-1A3956D46DE8}") = "WebApi", "WebApi", "{3D567D4B-A6FD-42C7-8F92-5E4854F47BC0}"
EndProject
Project("{FAE04EC0-301F-11D3-BF4B-00C04F79EFBC}") = "Romsoft.GESTIONCLINICA.Entidades", "Romsoft.GESTIONCLINICA.Entidades\Romsoft.GESTIONCLINICA.Entidades.csproj", "{F9D50CED-E7CA-4916-93AC-2B0C48BDE3DF}"
EndProject
Project("{FAE04EC0-301F-11D3-BF4B-00C04F79EFBC}") = "Romsoft.GESTIONCLINICA.WebApi", "Romsoft.GESTIONCLINICA.WebApi\Romsoft.GESTIONCLINICA.WebApi.csproj", "{FAFBC026-5B5E-42B1-B6C3-87282E3A3728}"
EndProject
Project("{FAE04EC0-301F-11D3-BF4B-00C04F79EFBC}") = "Romsoft.GESTIONCLINICA.Business.Logic", "Romsoft.GESTIONCLINICA.Business.Logic\Romsoft.GESTIONCLINICA.Business.Logic.csproj", "{6F284218-62EE-44A6-9F40-AB6CA64703B1}"
EndProject
Project("{FAE04EC0-301F-11D3-BF4B-00C04F79EFBC}") = "Romsoft.GESTIONCLINICA.DataAccess", "Romsoft.GESTIONCLINICA.DataAccess\Romsoft.GESTIONCLINICA.DataAccess.csproj", "{79717C2D-F8C7-435C-BE64-0894C482BAA4}"
EndProject
Project("{FAE04EC0-301F-11D3-BF4B-00C04F79EFBC}") = "Romsoft.GESTIONCLINICA.Common", "Romsoft.GESTIONCLINICA.Common\Romsoft.GESTIONCLINICA.Common.csproj", "{57CCEDD4-479F-4042-90C9-0814A5C4B144}"
EndProject
Project("{FAE04EC0-301F-11D3-BF4B-00C04F79EFBC}") = "Romsoft.GESTIONCLINICA.DTO", "Romsoft.GESTIONCLINICA.DTO\Romsoft.GESTIONCLINICA.DTO.csproj", "{97E72E66-47D7-46AB-A3FF-A1A696C847F2}"
EndProject
Global
	GlobalSection(SolutionConfigurationPlatforms) = preSolution
		Debug|Any CPU = Debug|Any CPU
		Release|Any CPU = Release|Any CPU
	EndGlobalSection
	GlobalSection(ProjectConfigurationPlatforms) = postSolution
		{F9D50CED-E7CA-4916-93AC-2B0C48BDE3DF}.Debug|Any CPU.ActiveCfg = Debug|Any CPU
		{F9D50CED-E7CA-4916-93AC-2B0C48BDE3DF}.Debug|Any CPU.Build.0 = Debug|Any CPU
		{F9D50CED-E7CA-4916-93AC-2B0C48BDE3DF}.Release|Any CPU.ActiveCfg = Release|Any CPU
		{F9D50CED-E7CA-4916-93AC-2B0C48BDE3DF}.Release|Any CPU.Build.0 = Release|Any CPU
		{FAFBC026-5B5E-42B1-B6C3-87282E3A3728}.Debug|Any CPU.ActiveCfg = Debug|Any CPU
		{FAFBC026-5B5E-42B1-B6C3-87282E3A3728}.Debug|Any CPU.Build.0 = Debug|Any CPU
		{FAFBC026-5B5E-42B1-B6C3-87282E3A3728}.Release|Any CPU.ActiveCfg = Release|Any CPU
		{FAFBC026-5B5E-42B1-B6C3-87282E3A3728}.Release|Any CPU.Build.0 = Release|Any CPU
		{6F284218-62EE-44A6-9F40-AB6CA64703B1}.Debug|Any CPU.ActiveCfg = Debug|Any CPU
		{6F284218-62EE-44A6-9F40-AB6CA64703B1}.Debug|Any CPU.Build.0 = Debug|Any CPU
		{6F284218-62EE-44A6-9F40-AB6CA64703B1}.Release|Any CPU.ActiveCfg = Release|Any CPU
		{6F284218-62EE-44A6-9F40-AB6CA64703B1}.Release|Any CPU.Build.0 = Release|Any CPU
		{79717C2D-F8C7-435C-BE64-0894C482BAA4}.Debug|Any CPU.ActiveCfg = Debug|Any CPU
		{79717C2D-F8C7-435C-BE64-0894C482BAA4}.Debug|Any CPU.Build.0 = Debug|Any CPU
		{79717C2D-F8C7-435C-BE64-0894C482BAA4}.Release|Any CPU.ActiveCfg = Release|Any CPU
		{79717C2D-F8C7-435C-BE64-0894C482BAA4}.Release|Any CPU.Build.0 = Release|Any CPU
		{57CCEDD4-479F-4042-90C9-0814A5C4B144}.Debug|Any CPU.ActiveCfg = Debug|Any CPU
		{57CCEDD4-479F-4042-90C9-0814A5C4B144}.Debug|Any CPU.Build.0 = Debug|Any CPU
		{57CCEDD4-479F-4042-90C9-0814A5C4B144}.Release|Any CPU.ActiveCfg = Release|Any CPU
		{57CCEDD4-479F-4042-90C9-0814A5C4B144}.Release|Any CPU.Build.0 = Release|Any CPU
		{97E72E66-47D7-46AB-A3FF-A1A696C847F2}.Debug|Any CPU.ActiveCfg = Debug|Any CPU
		{97E72E66-47D7-46AB-A3FF-A1A696C847F2}.Debug|Any CPU.Build.0 = Debug|Any CPU
		{97E72E66-47D7-46AB-A3FF-A1A696C847F2}.Release|Any CPU.ActiveCfg = Release|Any CPU
		{97E72E66-47D7-46AB-A3FF-A1A696C847F2}.Release|Any CPU.Build.0 = Release|Any CPU
	EndGlobalSection
	GlobalSection(SolutionProperties) = preSolution
		HideSolutionNode = FALSE
	EndGlobalSection
	GlobalSection(NestedProjects) = preSolution
		{3D567D4B-A6FD-42C7-8F92-5E4854F47BC0} = {50F723F1-D476-4763-AA25-203F260A045B}
		{F9D50CED-E7CA-4916-93AC-2B0C48BDE3DF} = {E377F685-6E93-43DF-BFF6-60C2A7D155D9}
		{FAFBC026-5B5E-42B1-B6C3-87282E3A3728} = {3D567D4B-A6FD-42C7-8F92-5E4854F47BC0}
		{6F284218-62EE-44A6-9F40-AB6CA64703B1} = {3D567D4B-A6FD-42C7-8F92-5E4854F47BC0}
		{79717C2D-F8C7-435C-BE64-0894C482BAA4} = {3D567D4B-A6FD-42C7-8F92-5E4854F47BC0}
		{57CCEDD4-479F-4042-90C9-0814A5C4B144} = {E377F685-6E93-43DF-BFF6-60C2A7D155D9}
		{97E72E66-47D7-46AB-A3FF-A1A696C847F2} = {E377F685-6E93-43DF-BFF6-60C2A7D155D9}
	EndGlobalSection
	GlobalSection(ExtensibilityGlobals) = postSolution
		SolutionGuid = {7B6CCB4B-A422-4D24-A8A8-9E30B9A3BDBF}
	EndGlobalSection
EndGlobal
